lockfileVersion: '9.0'

settings:
  autoInstallPeers: true
  excludeLinksFromLockfile: false

importers:

  .:
    dependencies:
      '@types/react':
        specifier: ^19.2.7
        version: 19.2.7
      jsx-runtime:
        specifier: ^1.2.0
        version: 1.2.0
      react:
        specifier: ^19.2.3
        version: 19.2.3
    devDependencies:
      '@types/node':
        specifier: ^25.0.3
        version: 25.0.3

packages:

  '@types/node@25.0.3':
    resolution: {integrity: sha512-W609buLVRVmeW693xKfzHeIV6nJGGz98uCPfeXI1ELMLXVeKYZ9m15fAMSaUPBHYLGFsVRcMmSCksQOrZV9BYA==}

  '@types/react@19.2.7':
    resolution: {integrity: sha512-MWtvHrGZLFttgeEj28VXHxpmwYbor/ATPYbBfSFZEIRK0ecCFLl2Qo55z52Hss+UV9CRN7trSeq1zbgx7YDWWg==}

  csstype@3.2.3:
    resolution: {integrity: sha512-z1HGKcYy2xA8AGQfwrn0PAy+PB7X/GSj3UVJW9qKyn43xWa+gl5nXmU4qqLMRzWVLFC8KusUX8T/0kCiOYpAIQ==}

  jsx-runtime@1.2.0:
    resolution: {integrity: sha512-iCxmRTlUAWmXwHZxN0JSx/T7eRi0SkKAskE0lp+j4W1mzdNp49ja/9QI2ZmlggPM95RqnDw5ioYjw0EcvpIClw==}

  object-assign@3.0.0:
    resolution: {integrity: sha512-jHP15vXVGeVh1HuaA2wY6lxk+whK/x4KBG88VXeRma7CCun7iGD5qPc4eYykQ9sdQvg8jkwFKsSxHln2ybW3xQ==}
    engines: {node: '>=0.10.0'}

  react@19.2.3:
    resolution: {integrity: sha512-Ku/hhYbVjOQnXDZFv2+RibmLFGwFdeeKHFcOTlrt7xplBnya5OGn/hIRDsqDiSUcfORsDC7MPxwork8jBwsIWA==}
    engines: {node: '>=0.10.0'}

  undici-types@7.16.0:
    resolution: {integrity: sha512-Zz+aZWSj8LE6zoxD+xrjh4VfkIG8Ya6LvYkZqtUQGJPZjYl53ypCaUwWqo7eI0x66KBGeRo+mlBEkMSeSZ38Nw==}

snapshots:

  '@types/node@25.0.3':
    dependencies:
      undici-types: 7.16.0

  '@types/react@19.2.7':
    dependencies:
      csstype: 3.2.3

  csstype@3.2.3: {}

  jsx-runtime@1.2.0:
    dependencies:
      object-assign: 3.0.0

  object-assign@3.0.0: {}

  react@19.2.3: {}

  undici-types@7.16.0: {}
